github.com/fxamacker/cbor/v2 v2.9.6 h1:NHZPxuUjJXQjX9itA785y/5NKSlI4HQ+S7noZsmI7hs=
github.com/fxamacker/cbor/v2 v2.9.6/go.mod h1:4EaZp6ClVunETjQ4GHmGNzysDK91Lr+r6Yz6tJqzVCw=
github.com/go-authn/fido v0.6.1 h1:53+zRNFrgJbgrNMIehkV6M9IYdmAUq3ZUwqV4yAGNF0=
github.com/go-authn/fido v0.6.1/go.mod h1:rxQ/vJWdp8Lb+glv2G6XhKx8chl0SkqmPAtooiLW2bY=
github.com/go-authn/mfa v0.5.0 h1:9HkcmhBmoTIS+2yD6gvtFMPzi19tjuElEdBXXXBLwuo=
github.com/go-authn/mfa v0.5.0/go.mod h1:gXW2ygHUIq0dbkDK5ZwtngATc2cSpTuszcin6KAqjWA=
github.com/x448/float16 v0.8.4 h1:qLwI1I70+NjRFUR3zs1JPUCgaCXSh3SW62uAKT1mSBM=
github.com/x448/float16 v0.8.4/go.mod h1:14CWIYCyZA/cWjXOioeEpHeN/83MdbZDRQHoFcYsOfg=
golang.org/x/crypto v0.58.0 h1:COkYLr4k7nDI4r6QtMML2AfzeIswWHAJthLS6K/M/54=
golang.org/x/crypto v0.58.0/go.mod h1:Xh+kl5A+M0gMiWDytH2Hhr5Z7WbNCpv/eB/EFgfSk+w=
